PODS:
  - ElastosCarrierSDK (5.3.2)

DEPENDENCIES:
  - ElastosCarrierSDK (~> 5.3.2)

SPEC REPOS:
  https://github.com/CocoaPods/Specs.git:
    - ElastosCarrierSDK

SPEC CHECKSUMS:
  ElastosCarrierSDK: 7adb827c3a68f9afb4916b1a9cb15bee60adb772

PODFILE CHECKSUM: 9e8d290c74eb7fb6fbe4bd810eb094f1f9d1dce8

COCOAPODS: 1.8.0
